
Microsoft Visual Studio Solution File, Format Version 12.00
# Visual Studio Version 17
VisualStudioVersion = 17.10.35004.147
MinimumVisualStudioVersion = 10.0.40219.1
Project("{8BC9CEB8-8B4A-11D0-8D11-00A0C91BC942}") = "Program", "Program\Program.vcxproj", "{EBF34E8E-D838-4E6E-AADD-CEE154D24299}"
EndProject
Project("{8BC9CEB8-8B4A-11D0-8D11-00A0C91BC942}") = "Class1th (GetAsyncKeyState)", "Class1th (GetAsyncStateKey)\Class1th (GetAsyncStateKey).vcxproj", "{3AFFCFB7-307D-4BBB-A972-E7B3D6533AC0}"
EndProject
Project("{8BC9CEB8-8B4A-11D0-8D11-00A0C91BC942}") = "Class 2th (Double Buffering)", "Class 2th (Double Buffering)\Class 2th (Double Buffering).vcxproj", "{CAA81788-4295-41B4-902E-87885024204D}"
EndProject
Project("{8BC9CEB8-8B4A-11D0-8D11-00A0C91BC942}") = "Class 3th (Maze Game)", "Class 3th (Maze Game)\Class 3th (Maze Game).vcxproj", "{3489F0B5-2AA3-4D2B-B7C9-EFB50CF233D9}"
EndProject
Global
	GlobalSection(SolutionConfigurationPlatforms) = preSolution
		Debug|x64 = Debug|x64
		Debug|x86 = Debug|x86
		Release|x64 = Release|x64
		Release|x86 = Release|x86
	EndGlobalSection
	GlobalSection(ProjectConfigurationPlatforms) = postSolution
		{EBF34E8E-D838-4E6E-AADD-CEE154D24299}.Debug|x64.ActiveCfg = Debug|x64
		{EBF34E8E-D838-4E6E-AADD-CEE154D24299}.Debug|x64.Build.0 = Debug|x64
		{EBF34E8E-D838-4E6E-AADD-CEE154D24299}.Debug|x86.ActiveCfg = Debug|Win32
		{EBF34E8E-D838-4E6E-AADD-CEE154D24299}.Debug|x86.Build.0 = Debug|Win32
		{EBF34E8E-D838-4E6E-AADD-CEE154D24299}.Release|x64.ActiveCfg = Release|x64
		{EBF34E8E-D838-4E6E-AADD-CEE154D24299}.Release|x64.Build.0 = Release|x64
		{EBF34E8E-D838-4E6E-AADD-CEE154D24299}.Release|x86.ActiveCfg = Release|Win32
		{EBF34E8E-D838-4E6E-AADD-CEE154D24299}.Release|x86.Build.0 = Release|Win32
		{3AFFCFB7-307D-4BBB-A972-E7B3D6533AC0}.Debug|x64.ActiveCfg = Debug|x64
		{3AFFCFB7-307D-4BBB-A972-E7B3D6533AC0}.Debug|x64.Build.0 = Debug|x64
		{3AFFCFB7-307D-4BBB-A972-E7B3D6533AC0}.Debug|x86.ActiveCfg = Debug|Win32
		{3AFFCFB7-307D-4BBB-A972-E7B3D6533AC0}.Debug|x86.Build.0 = Debug|Win32
		{3AFFCFB7-307D-4BBB-A972-E7B3D6533AC0}.Release|x64.ActiveCfg = Release|x64
		{3AFFCFB7-307D-4BBB-A972-E7B3D6533AC0}.Release|x64.Build.0 = Release|x64
		{3AFFCFB7-307D-4BBB-A972-E7B3D6533AC0}.Release|x86.ActiveCfg = Release|Win32
		{3AFFCFB7-307D-4BBB-A972-E7B3D6533AC0}.Release|x86.Build.0 = Release|Win32
		{CAA81788-4295-41B4-902E-87885024204D}.Debug|x64.ActiveCfg = Debug|x64
		{CAA81788-4295-41B4-902E-87885024204D}.Debug|x64.Build.0 = Debug|x64
		{CAA81788-4295-41B4-902E-87885024204D}.Debug|x86.ActiveCfg = Debug|Win32
		{CAA81788-4295-41B4-902E-87885024204D}.Debug|x86.Build.0 = Debug|Win32
		{CAA81788-4295-41B4-902E-87885024204D}.Release|x64.ActiveCfg = Release|x64
		{CAA81788-4295-41B4-902E-87885024204D}.Release|x64.Build.0 = Release|x64
		{CAA81788-4295-41B4-902E-87885024204D}.Release|x86.ActiveCfg = Release|Win32
		{CAA81788-4295-41B4-902E-87885024204D}.Release|x86.Build.0 = Release|Win32
		{3489F0B5-2AA3-4D2B-B7C9-EFB50CF233D9}.Debug|x64.ActiveCfg = Debug|x64
		{3489F0B5-2AA3-4D2B-B7C9-EFB50CF233D9}.Debug|x64.Build.0 = Debug|x64
		{3489F0B5-2AA3-4D2B-B7C9-EFB50CF233D9}.Debug|x86.ActiveCfg = Debug|Win32
		{3489F0B5-2AA3-4D2B-B7C9-EFB50CF233D9}.Debug|x86.Build.0 = Debug|Win32
		{3489F0B5-2AA3-4D2B-B7C9-EFB50CF233D9}.Release|x64.ActiveCfg = Release|x64
		{3489F0B5-2AA3-4D2B-B7C9-EFB50CF233D9}.Release|x64.Build.0 = Release|x64
		{3489F0B5-2AA3-4D2B-B7C9-EFB50CF233D9}.Release|x86.ActiveCfg = Release|Win32
		{3489F0B5-2AA3-4D2B-B7C9-EFB50CF233D9}.Release|x86.Build.0 = Release|Win32
	EndGlobalSection
	GlobalSection(SolutionProperties) = preSolution
		HideSolutionNode = FALSE
	EndGlobalSection
	GlobalSection(ExtensibilityGlobals) = postSolution
		SolutionGuid = {FB25922D-766E-47F1-9394-07B6F0B4E93A}
	EndGlobalSection
EndGlobal
